<?xml version="1.0" encoding="utf-8"?>
<Project ToolsVersion="4.0" xmlns="http://schemas.microsoft.com/developer/msbuild/2003">
  <ItemGroup>
    <Filter Include="Source Files">
      <UniqueIdentifier>{4FC737F1-C7A5-4376-A066-2A32D752A2FF}</UniqueIdentifier>
      <Extensions>cpp;c;cc;cxx;def;odl;idl;hpj;bat;asm;asmx</Extensions>
    </Filter>
    <Filter Include="Header Files">
      <UniqueIdentifier>{93995380-89BD-4b04-88EB-625FBE52EBFB}</UniqueIdentifier>
      <Extensions>h;hh;hpp;hxx;hm;inl;inc;xsd</Extensions>
    </Filter>
    <Filter Include="Resource Files">
      <UniqueIdentifier>{67DA6AB6-F800-4c08-8B7A-83BB121AAD01}</UniqueIdentifier>
      <Extensions>rc;ico;cur;bmp;dlg;rc2;rct;bin;rgs;gif;jpg;jpeg;jpe;resx;tiff;tif;png;wav;mfcribbon-ms</Extensions>
    </Filter>
  </ItemGroup>
  <ItemGroup>
    <ClInclude Include="Audio\irrKlang\irrklangsound.hxx">
      <Filter>Header Files</Filter>
    </ClInclude>
    <ClInclude Include="application\application.hpp">
      <Filter>Header Files</Filter>
    </ClInclude>
    <ClInclude Include="Audio\irrKlang\irrklangsoundmanager.hxx">
      <Filter>Header Files</Filter>
    </ClInclude>
    <ClInclude Include="Audio\Silent\silentsound.hxx">
      <Filter>Header Files</Filter>
    </ClInclude>
    <ClInclude Include="Audio\Silent\silentsoundmanager.hxx">
      <Filter>Header Files</Filter>
    </ClInclude>
    <ClInclude Include="Audio\sound.hpp">
      <Filter>Header Files</Filter>
    </ClInclude>
    <ClInclude Include="Audio\soundmanager.hpp">
      <Filter>Header Files</Filter>
    </ClInclude>
    <ClInclude Include="Event\event.hpp">
      <Filter>Header Files</Filter>
    </ClInclude>
    <ClInclude Include="Event\eventhandler.hpp">
      <Filter>Header Files</Filter>
    </ClInclude>
    <ClInclude Include="Event\eventmanager.hpp">
      <Filter>Header Files</Filter>
    </ClInclude>
    <ClInclude Include="Graphics\renderer.hpp">
      <Filter>Header Files</Filter>
    </ClInclude>
    <ClInclude Include="Input\glfw\glfwinputmanager.hxx">
      <Filter>Header Files</Filter>
    </ClInclude>
    <ClInclude Include="Input\keymapping.hpp">
      <Filter>Header Files</Filter>
    </ClInclude>
    <ClInclude Include="Input\inputsettings.hpp">
      <Filter>Header Files</Filter>
    </ClInclude>
    <ClInclude Include="Input\inputmanager.hpp">
      <Filter>Header Files</Filter>
    </ClInclude>
    <ClInclude Include="Input\inputlistener.hpp">
      <Filter>Header Files</Filter>
    </ClInclude>
    <ClInclude Include="Scene\scene.hpp">
      <Filter>Header Files</Filter>
    </ClInclude>
    <ClInclude Include="Scene\scenemanager.hpp">
      <Filter>Header Files</Filter>
    </ClInclude>
    <ClInclude Include="Jimbo.hpp">
      <Filter>Header Files</Filter>
    </ClInclude>
    <ClInclude Include="resource\resource.hpp">
      <Filter>Header Files</Filter>
    </ClInclude>
    <ClInclude Include="resource\resourcemanager.hpp">
      <Filter>Header Files</Filter>
    </ClInclude>
    <ClInclude Include="resource\resourceid.hpp">
      <Filter>Header Files</Filter>
    </ClInclude>
    <ClInclude Include="util\stringhash.hxx">
      <Filter>Header Files</Filter>
    </ClInclude>
    <ClInclude Include="application\servicelocator.hpp">
      <Filter>Header Files</Filter>
    </ClInclude>
    <ClInclude Include="resource\thread\threadsafequeue.hxx">
      <Filter>Header Files</Filter>
    </ClInclude>
    <ClInclude Include="audio\jukebox.hpp">
      <Filter>Header Files</Filter>
    </ClInclude>
    <ClInclude Include="test\testengine.hpp">
      <Filter>Header Files</Filter>
    </ClInclude>
    <ClInclude Include="test\component\proxy.hxx">
      <Filter>Header Files</Filter>
    </ClInclude>
    <ClInclude Include="test\component\event.hxx">
      <Filter>Header Files</Filter>
    </ClInclude>
    <ClInclude Include="test\component\resourceid.hxx">
      <Filter>Header Files</Filter>
    </ClInclude>
    <ClInclude Include="resource\thread\threadpool.hxx">
      <Filter>Header Files</Filter>
    </ClInclude>
    <ClInclude Include="resource\thread\resourcethreadpool.hxx">
      <Filter>Header Files</Filter>
    </ClInclude>
    <ClInclude Include="test\component\resourceloader.hxx">
      <Filter>Header Files</Filter>
    </ClInclude>
    <ClInclude Include="Test\testscene.hxx">
      <Filter>Header Files</Filter>
    </ClInclude>
    <ClInclude Include="resource\event\resourceloadedevent.hxx">
      <Filter>Header Files</Filter>
    </ClInclude>
    <ClInclude Include="resource\event\resourcereleasedevent.hxx">
      <Filter>Header Files</Filter>
    </ClInclude>
    <ClInclude Include="application\config.hpp">
      <Filter>Header Files</Filter>
    </ClInclude>
    <ClInclude Include="log\logger.hpp">
      <Filter>Header Files</Filter>
    </ClInclude>
    <ClInclude Include="log\logger\console.hxx">
      <Filter>Header Files</Filter>
    </ClInclude>
    <ClInclude Include="log\logger\file.hxx">
      <Filter>Header Files</Filter>
    </ClInclude>
    <ClInclude Include="resource\proxy.hpp">
      <Filter>Header Files</Filter>
    </ClInclude>
    <ClInclude Include="log\logger\history.hxx">
      <Filter>Header Files</Filter>
    </ClInclude>
    <ClInclude Include="log\logging.hpp">
      <Filter>Header Files</Filter>
    </ClInclude>
    <ClInclude Include="log\logengine.hxx">
      <Filter>Header Files</Filter>
    </ClInclude>
    <ClInclude Include="resource\log\resourcelog.hxx">
      <Filter>Header Files</Filter>
    </ClInclude>
    <ClInclude Include="log\logmessage.hxx">
      <Filter>Header Files</Filter>
    </ClInclude>
    <ClInclude Include="log\util\executiontime.hxx">
      <Filter>Header Files</Filter>
    </ClInclude>
    <ClInclude Include="resource\resourcedatasource.hpp">
      <Filter>Header Files</Filter>
    </ClInclude>
    <ClInclude Include="resource\strategy\lrucache.hxx">
      <Filter>Header Files</Filter>
    </ClInclude>
    <ClInclude Include="resource\strategy\simple.hxx">
      <Filter>Header Files</Filter>
    </ClInclude>
    <ClInclude Include="resource\resourceloadstrategy.hxx">
      <Filter>Header Files</Filter>
    </ClInclude>
    <ClInclude Include="resource\strategy\scorebased.hxx">
      <Filter>Header Files</Filter>
    </ClInclude>
    <ClInclude Include="resource\resourcefactory.hxx">
      <Filter>Header Files</Filter>
    </ClInclude>
    <ClInclude Include="audio\resource\soundresourcefactory.hxx">
      <Filter>Header Files</Filter>
    </ClInclude>
    <ClInclude Include="audio\resource\soundresource.hxx">
      <Filter>Header Files</Filter>
    </ClInclude>
    <ClInclude Include="resource\datasource\datafromfile.hpp">
      <Filter>Header Files</Filter>
    </ClInclude>
    <ClInclude Include="resource\datasource\passthrough.hpp">
      <Filter>Header Files</Filter>
    </ClInclude>
  </ItemGroup>
  <ItemGroup>
    <ClCompile Include="Graphics\Renderer.cpp">
      <Filter>Source Files</Filter>
    </ClCompile>
    <ClCompile Include="Input\glfw\glfwInputManager.cpp">
      <Filter>Source Files</Filter>
    </ClCompile>
    <ClCompile Include="Input\InputManager.cpp">
      <Filter>Source Files</Filter>
    </ClCompile>
    <ClCompile Include="Input\KeyMapping.cpp">
      <Filter>Source Files</Filter>
    </ClCompile>
    <ClCompile Include="Scene\SceneManager.cpp">
      <Filter>Source Files</Filter>
    </ClCompile>
    <ClCompile Include="Test\TestScene.cpp">
      <Filter>Source Files</Filter>
    </ClCompile>
    <ClCompile Include="Audio\irrKlang\irrKlangSound.cpp">
      <Filter>Source Files</Filter>
    </ClCompile>
    <ClCompile Include="Audio\irrKlang\irrKlangSoundManager.cpp">
      <Filter>Source Files</Filter>
    </ClCompile>
    <ClCompile Include="application\application.cpp">
      <Filter>Source Files</Filter>
    </ClCompile>
    <ClCompile Include="application\servicelocator.cpp">
      <Filter>Source Files</Filter>
    </ClCompile>
    <ClCompile Include="scene\scene.cpp">
      <Filter>Source Files</Filter>
    </ClCompile>
    <ClCompile Include="resource\thread\resourcethreadpool.cpp">
      <Filter>Source Files</Filter>
    </ClCompile>
    <ClCompile Include="resource\resourcemanager.cpp">
      <Filter>Source Files</Filter>
    </ClCompile>
    <ClCompile Include="application\config.cpp">
      <Filter>Source Files</Filter>
    </ClCompile>
    <ClCompile Include="resource\datasource\datafromfile.cpp">
      <Filter>Source Files</Filter>
    </ClCompile>
    <ClCompile Include="resource\datasource\passthrough.cpp">
      <Filter>Source Files</Filter>
    </ClCompile>
  </ItemGroup>
</Project>